Microsoft Visual Studio Solution File, Format Version 12.00
# Visual Studio 2012
Project("{FAE04EC0-301F-11D3-BF4B-00C04F79EFBC}") = "PlayerMovement", "PlayerMovement.csproj", "{C431AB2A-30F2-46F9-90AA-75F293D4FCF5}"
EndProject
Global
	GlobalSection(SolutionConfigurationPlatforms) = preSolution
	Debug|Any CPU = Debug|Any CPU
	Release|Any CPU = Release|Any CPU
	Tools|Any CPU = Tools|Any CPU
	EndGlobalSection
	GlobalSection(ProjectConfigurationPlatforms) = postSolution
		{C431AB2A-30F2-46F9-90AA-75F293D4FCF5}.Debug|Any CPU.ActiveCfg = Debug|Any CPU
		{C431AB2A-30F2-46F9-90AA-75F293D4FCF5}.Debug|Any CPU.Build.0 = Debug|Any CPU
		{C431AB2A-30F2-46F9-90AA-75F293D4FCF5}.Release|Any CPU.ActiveCfg = Release|Any CPU
		{C431AB2A-30F2-46F9-90AA-75F293D4FCF5}.Release|Any CPU.Build.0 = Release|Any CPU
		{C431AB2A-30F2-46F9-90AA-75F293D4FCF5}.Tools|Any CPU.ActiveCfg = Tools|Any CPU
		{C431AB2A-30F2-46F9-90AA-75F293D4FCF5}.Tools|Any CPU.Build.0 = Tools|Any CPU
	EndGlobalSection
EndGlobal
